
Microsoft Visual Studio Solution File, Format Version 12.00
# Visual Studio Version 16
VisualStudioVersion = 25.0.1706.6
MinimumVisualStudioVersion = 10.0.40219.1
Project("{8BC9CEB9-8B4A-11D0-8D11-00A0C91BC942}") = "GoogleMobileAds.Placement", "GoogleMobileAds.Placement.dll", "{14FEF3A1-D901-4DF4-B1F6-6E277943EFC0}"
EndProject
Global
	GlobalSection(SolutionConfigurationPlatforms) = preSolution
		Default|Any CPU = Default|Any CPU
	EndGlobalSection
	GlobalSection(ProjectConfigurationPlatforms) = postSolution
		{14FEF3A1-D901-4DF4-B1F6-6E277943EFC0}.Default|Any CPU.ActiveCfg = Default|Any CPU
		{14FEF3A1-D901-4DF4-B1F6-6E277943EFC0}.Default|Any CPU.Build.0 = Default|Any CPU
	EndGlobalSection
	GlobalSection(SolutionProperties) = preSolution
		HideSolutionNode = FALSE
	EndGlobalSection
	GlobalSection(ExtensibilityGlobals) = postSolution
		SolutionGuid = {72311D56-8E7C-42CD-A1FB-727D3C0C0B48}
	EndGlobalSection
EndGlobal
